
Microsoft Visual Studio Solution File, Format Version 12.00
# Visual Studio Version 17
VisualStudioVersion = 17.9.34723.18
MinimumVisualStudioVersion = 10.0.40219.1
Project("{FAE04EC0-301F-11D3-BF4B-00C04F79EFBC}") = "Design Patterns", "Design Patterns\Design Patterns.csproj", "{FEC1C942-959D-46A8-A21B-BA564852C8CF}"
EndProject
Project("{FAE04EC0-301F-11D3-BF4B-00C04F79EFBC}") = "Creational Patterns", "Creational Patterns\Creational Patterns.csproj", "{A9758FAC-925D-406D-892C-111A822DDCA3}"
EndProject
Global
	GlobalSection(SolutionConfigurationPlatforms) = preSolution
		Debug|Any CPU = Debug|Any CPU
		Release|Any CPU = Release|Any CPU
	EndGlobalSection
	GlobalSection(ProjectConfigurationPlatforms) = postSolution
		{FEC1C942-959D-46A8-A21B-BA564852C8CF}.Debug|Any CPU.ActiveCfg = Debug|Any CPU
		{FEC1C942-959D-46A8-A21B-BA564852C8CF}.Debug|Any CPU.Build.0 = Debug|Any CPU
		{FEC1C942-959D-46A8-A21B-BA564852C8CF}.Release|Any CPU.ActiveCfg = Release|Any CPU
		{FEC1C942-959D-46A8-A21B-BA564852C8CF}.Release|Any CPU.Build.0 = Release|Any CPU
		{A9758FAC-925D-406D-892C-111A822DDCA3}.Debug|Any CPU.ActiveCfg = Debug|Any CPU
		{A9758FAC-925D-406D-892C-111A822DDCA3}.Debug|Any CPU.Build.0 = Debug|Any CPU
		{A9758FAC-925D-406D-892C-111A822DDCA3}.Release|Any CPU.ActiveCfg = Release|Any CPU
		{A9758FAC-925D-406D-892C-111A822DDCA3}.Release|Any CPU.Build.0 = Release|Any CPU
	EndGlobalSection
	GlobalSection(SolutionProperties) = preSolution
		HideSolutionNode = FALSE
	EndGlobalSection
	GlobalSection(ExtensibilityGlobals) = postSolution
		SolutionGuid = {F4CA05B1-DC01-4D82-B3D5-AFC06D82442C}
	EndGlobalSection
EndGlobal
